{
  "name": "braintree-drop-in-react",
  "version": "0.1.0",
  "lockfileVersion": 1,
  "requires": true,
  "dependencies": {
    "@braintree/asset-loader": {
      "version": "0.2.0",
      "resolved": "https://registry.npmjs.org/@braintree/asset-loader/-/asset-loader-0.2.0.tgz",
      "integrity": "sha512-tz/0a2nZvoLpUlGWLEJqqT4ITLFvM7WUWVvC8rgM33CiOmJLFUdYClpnoIvR0bXA2i1uxC/i7D67ghEhrg8BuA==",
      "requires": {
        "promise-polyfill": "^8.1.0"
      }
    },
    "@braintree/browser-detection": {
      "version": "1.7.0",
      "resolved": "https://registry.npmjs.org/@braintree/browser-detection/-/browser-detection-1.7.0.tgz",
      "integrity": "sha1-iVumS3AMPzbKtcVFkcr3GkEXHdg="
    },
    "@braintree/class-list": {
      "version": "0.1.0",
      "resolved": "https://registry.npmjs.org/@braintree/class-list/-/class-list-0.1.0.tgz",
      "integrity": "sha512-AmXPsYhiNJKcxuwkgQjwyyTwFCeRlyFTeUJ9ecV/jLxS8ZH8fCAB4enYgArMRyvCekZZkqLK54kOJ6+OJBzJwA=="
    },
    "@braintree/iframer": {
      "version": "1.0.3",
      "resolved": "https://registry.npmjs.org/@braintree/iframer/-/iframer-1.0.3.tgz",
      "integrity": "sha1-Id0f1M69QVSuqx76TVsNX0OENk4="
    },
    "@braintree/sanitize-url": {
      "version": "2.1.0",
      "resolved": "https://registry.npmjs.org/@braintree/sanitize-url/-/sanitize-url-2.1.0.tgz",
      "integrity": "sha1-VJqdH5I8m8eVOlhdPpqpQpvo/ig="
    },
    "@braintree/wrap-promise": {
      "version": "1.1.1",
      "resolved": "https://registry.npmjs.org/@braintree/wrap-promise/-/wrap-promise-1.1.1.tgz",
      "integrity": "sha1-0ix2hV5tS0ASYQBgQh+uGjfskLA="
    },
    "braintree-web": {
      "version": "3.39.0",
      "resolved": "https://registry.npmjs.org/braintree-web/-/braintree-web-3.39.0.tgz",
      "integrity": "sha512-3j5eTQf9WrGaooAEK2OhBnTnvdnZT+gigooMdAUD6Ll1NWRlRmS7OC5G1kkWEr+KXWgE63IqyDy4sLtP5GsYaQ==",
      "requires": {
        "@braintree/asset-loader": "0.2.0",
        "@braintree/browser-detection": "1.7.0",
        "@braintree/class-list": "0.1.0",
        "@braintree/iframer": "1.0.3",
        "@braintree/sanitize-url": "2.1.0",
        "@braintree/wrap-promise": "1.1.1",
        "card-validator": "6.0.0",
        "credit-card-type": "8.0.0",
        "framebus": "3.0.1",
        "inject-stylesheet": "1.0.0",
        "promise-polyfill": "8.1.0",
        "restricted-input": "1.2.7"
      }
    },
    "braintree-web-drop-in": {
      "version": "1.14.1",
      "resolved": "https://registry.npmjs.org/braintree-web-drop-in/-/braintree-web-drop-in-1.14.1.tgz",
      "integrity": "sha512-VxBexaLRHpf/nONtqz+SXTx4hpzsB6G415LYYh4hO+jLquQq0uIq3+CvjconyprE9Yzptxhu46HLaXuDlDXWWg==",
      "requires": {
        "@braintree/asset-loader": "0.2.0",
        "@braintree/browser-detection": "1.7.0",
        "@braintree/class-list": "0.1.0",
        "@braintree/wrap-promise": "1.1.1",
        "braintree-web": "3.39.0",
        "promise-polyfill": "8.1.0"
      }
    },
    "card-validator": {
      "version": "6.0.0",
      "resolved": "https://registry.npmjs.org/card-validator/-/card-validator-6.0.0.tgz",
      "integrity": "sha512-M0f9AR//drteDaoXXv/TnvPSwYhIZp86CBLwNZ1T89mNkFMxcgKRJnSYJvQ+MSRJjIaVNRapPHdi4NVhxfB67Q==",
      "requires": {
        "credit-card-type": "^8.0.0"
      }
    },
    "credit-card-type": {
      "version": "8.0.0",
      "resolved": "https://registry.npmjs.org/credit-card-type/-/credit-card-type-8.0.0.tgz",
      "integrity": "sha512-q3k5fbLJJIkPTBLr03Wo2Ui8cF5vHE8eTT/3K7BUW1ROoyns2vHoglWrzjmU/8JKA0X7JFlYlUVuDRwn7l2ldw=="
    },
    "framebus": {
      "version": "3.0.1",
      "resolved": "https://registry.npmjs.org/framebus/-/framebus-3.0.1.tgz",
      "integrity": "sha1-26vDsI45vzPSSOmvdUvY/7Bc/M4="
    },
    "inject-stylesheet": {
      "version": "1.0.0",
      "resolved": "https://registry.npmjs.org/inject-stylesheet/-/inject-stylesheet-1.0.0.tgz",
      "integrity": "sha1-9nMEdFjuWPEJ/uTPtmsJ82LMwmE="
    },
    "js-tokens": {
      "version": "4.0.0",
      "resolved": "https://registry.npmjs.org/js-tokens/-/js-tokens-4.0.0.tgz",
      "integrity": "sha512-RdJUflcE3cUzKiMqQgsCu06FPu9UdIJO0beYbPhHN4k6apgJtifcoCtT9bcxOpYBtpD2kCM6Sbzg4CausW/PKQ=="
    },
    "loose-envify": {
      "version": "1.4.0",
      "resolved": "https://registry.npmjs.org/loose-envify/-/loose-envify-1.4.0.tgz",
      "integrity": "sha512-lyuxPGr/Wfhrlem2CL/UcnUc1zcqKAImBDzukY7Y5F/yQiNdko6+fRLevlw1HgMySw7f611UIY408EtxRSoK3Q==",
      "requires": {
        "js-tokens": "^3.0.0 || ^4.0.0"
      }
    },
    "object-assign": {
      "version": "4.1.1",
      "resolved": "https://registry.npmjs.org/object-assign/-/object-assign-4.1.1.tgz",
      "integrity": "sha1-IQmtx5ZYh8/AXLvUQsrIv7s2CGM="
    },
    "promise-polyfill": {
      "version": "8.1.0",
      "resolved": "https://registry.npmjs.org/promise-polyfill/-/promise-polyfill-8.1.0.tgz",
      "integrity": "sha512-OzSf6gcCUQ01byV4BgwyUCswlaQQ6gzXc23aLQWhicvfX9kfsUiUhgt3CCQej8jDnl8/PhGF31JdHX2/MzF3WA=="
    },
    "prop-types": {
      "version": "15.6.2",
      "resolved": "https://registry.npmjs.org/prop-types/-/prop-types-15.6.2.tgz",
      "integrity": "sha512-3pboPvLiWD7dkI3qf3KbUe6hKFKa52w+AE0VCqECtf+QHAKgOL37tTaNCnuX1nAAQ4ZhyP+kYVKf8rLmJ/feDQ==",
      "requires": {
        "loose-envify": "^1.3.1",
        "object-assign": "^4.1.1"
      }
    },
    "react": {
      "version": "16.6.3",
      "resolved": "https://registry.npmjs.org/react/-/react-16.6.3.tgz",
      "integrity": "sha512-zCvmH2vbEolgKxtqXL2wmGCUxUyNheYn/C+PD1YAjfxHC54+MhdruyhO7QieQrYsYeTxrn93PM2y0jRH1zEExw==",
      "requires": {
        "loose-envify": "^1.1.0",
        "object-assign": "^4.1.1",
        "prop-types": "^15.6.2",
        "scheduler": "^0.11.2"
      }
    },
    "react-dom": {
      "version": "16.6.3",
      "resolved": "https://registry.npmjs.org/react-dom/-/react-dom-16.6.3.tgz",
      "integrity": "sha512-8ugJWRCWLGXy+7PmNh8WJz3g1TaTUt1XyoIcFN+x0Zbkoz+KKdUyx1AQLYJdbFXjuF41Nmjn5+j//rxvhFjgSQ==",
      "requires": {
        "loose-envify": "^1.1.0",
        "object-assign": "^4.1.1",
        "prop-types": "^15.6.2",
        "scheduler": "^0.11.2"
      }
    },
    "restricted-input": {
      "version": "1.2.7",
      "resolved": "https://registry.npmjs.org/restricted-input/-/restricted-input-1.2.7.tgz",
      "integrity": "sha1-4SmPX9jEMMwtjmuxF1UkAjIFyzQ=",
      "requires": {
        "@braintree/browser-detection": "^1.5.0"
      }
    },
    "scheduler": {
      "version": "0.11.2",
      "resolved": "https://registry.npmjs.org/scheduler/-/scheduler-0.11.2.tgz",
      "integrity": "sha512-+WCP3s3wOaW4S7C1tl3TEXp4l9lJn0ZK8G3W3WKRWmw77Z2cIFUW2MiNTMHn5sCjxN+t7N43HAOOgMjyAg5hlg==",
      "requires": {
        "loose-envify": "^1.1.0",
        "object-assign": "^4.1.1"
      }
    }
  }
}
